
Microsoft Visual Studio Solution File, Format Version 12.00
# Visual Studio Version 17
VisualStudioVersion = 17.8.34330.188
MinimumVisualStudioVersion = 10.0.40219.1
Project("{9A19103F-16F7-4668-BE54-9A1E7A4F7556}") = "DatabaseSql-Products-Characters", "DatabaseSql-Products-Characters\DatabaseSql-Products-Characters.csproj", "{BF1F6D99-4008-49E6-B3BF-214545283457}"
EndProject
Project("{9A19103F-16F7-4668-BE54-9A1E7A4F7556}") = "Infrastructure", "Infrastructure\Infrastructure.csproj", "{1A702F1D-B8CA-4915-8E8F-5D213A90718D}"
EndProject
Project("{FAE04EC0-301F-11D3-BF4B-00C04F79EFBC}") = "Infrastructure.Tests", "Infrastructure.Tests\Infrastructure.Tests.csproj", "{CD3F22A1-4E90-40B6-A97E-31A687552145}"
EndProject
Global
	GlobalSection(SolutionConfigurationPlatforms) = preSolution
		Debug|Any CPU = Debug|Any CPU
		Release|Any CPU = Release|Any CPU
	EndGlobalSection
	GlobalSection(ProjectConfigurationPlatforms) = postSolution
		{BF1F6D99-4008-49E6-B3BF-214545283457}.Debug|Any CPU.ActiveCfg = Debug|Any CPU
		{BF1F6D99-4008-49E6-B3BF-214545283457}.Debug|Any CPU.Build.0 = Debug|Any CPU
		{BF1F6D99-4008-49E6-B3BF-214545283457}.Release|Any CPU.ActiveCfg = Release|Any CPU
		{BF1F6D99-4008-49E6-B3BF-214545283457}.Release|Any CPU.Build.0 = Release|Any CPU
		{1A702F1D-B8CA-4915-8E8F-5D213A90718D}.Debug|Any CPU.ActiveCfg = Debug|Any CPU
		{1A702F1D-B8CA-4915-8E8F-5D213A90718D}.Debug|Any CPU.Build.0 = Debug|Any CPU
		{1A702F1D-B8CA-4915-8E8F-5D213A90718D}.Release|Any CPU.ActiveCfg = Release|Any CPU
		{1A702F1D-B8CA-4915-8E8F-5D213A90718D}.Release|Any CPU.Build.0 = Release|Any CPU
		{CD3F22A1-4E90-40B6-A97E-31A687552145}.Debug|Any CPU.ActiveCfg = Debug|Any CPU
		{CD3F22A1-4E90-40B6-A97E-31A687552145}.Debug|Any CPU.Build.0 = Debug|Any CPU
		{CD3F22A1-4E90-40B6-A97E-31A687552145}.Release|Any CPU.ActiveCfg = Release|Any CPU
		{CD3F22A1-4E90-40B6-A97E-31A687552145}.Release|Any CPU.Build.0 = Release|Any CPU
	EndGlobalSection
	GlobalSection(SolutionProperties) = preSolution
		HideSolutionNode = FALSE
	EndGlobalSection
	GlobalSection(ExtensibilityGlobals) = postSolution
		SolutionGuid = {F7E5DEAB-5B48-41C3-9195-51A8CC5A906C}
	EndGlobalSection
EndGlobal
